
Microsoft Visual Studio Solution File, Format Version 12.00
# Visual Studio Version 17
VisualStudioVersion = 17.13.35913.81
MinimumVisualStudioVersion = 10.0.40219.1
Project("{FAE04EC0-301F-11D3-BF4B-00C04F79EFBC}") = "MonitoringService", "MonitoringService.csproj", "{DAAA01F5-8CE1-4919-BD70-3036D8DCE7EB}"
EndProject
Project("{FAE04EC0-301F-11D3-BF4B-00C04F79EFBC}") = "Models", "..\Models\Models.csproj", "{1B0BEC94-53F7-494F-9987-FDD504529756}"
EndProject
Project("{FAE04EC0-301F-11D3-BF4B-00C04F79EFBC}") = "Utils", "..\Utils\Utils.csproj", "{EA4FD442-94B8-4E57-8008-64B8798EF2BF}"
EndProject
Project("{FAE04EC0-301F-11D3-BF4B-00C04F79EFBC}") = "Common", "..\Common\Common.csproj", "{BFA27E1B-2B54-4E0D-9FEE-595734E83620}"
EndProject
Global
	GlobalSection(SolutionConfigurationPlatforms) = preSolution
		Debug|Any CPU = Debug|Any CPU
		Release|Any CPU = Release|Any CPU
	EndGlobalSection
	GlobalSection(ProjectConfigurationPlatforms) = postSolution
		{DAAA01F5-8CE1-4919-BD70-3036D8DCE7EB}.Debug|Any CPU.ActiveCfg = Debug|Any CPU
		{DAAA01F5-8CE1-4919-BD70-3036D8DCE7EB}.Debug|Any CPU.Build.0 = Debug|Any CPU
		{DAAA01F5-8CE1-4919-BD70-3036D8DCE7EB}.Release|Any CPU.ActiveCfg = Release|Any CPU
		{DAAA01F5-8CE1-4919-BD70-3036D8DCE7EB}.Release|Any CPU.Build.0 = Release|Any CPU
		{1B0BEC94-53F7-494F-9987-FDD504529756}.Debug|Any CPU.ActiveCfg = Debug|Any CPU
		{1B0BEC94-53F7-494F-9987-FDD504529756}.Debug|Any CPU.Build.0 = Debug|Any CPU
		{1B0BEC94-53F7-494F-9987-FDD504529756}.Release|Any CPU.ActiveCfg = Release|Any CPU
		{1B0BEC94-53F7-494F-9987-FDD504529756}.Release|Any CPU.Build.0 = Release|Any CPU
		{EA4FD442-94B8-4E57-8008-64B8798EF2BF}.Debug|Any CPU.ActiveCfg = Debug|Any CPU
		{EA4FD442-94B8-4E57-8008-64B8798EF2BF}.Debug|Any CPU.Build.0 = Debug|Any CPU
		{EA4FD442-94B8-4E57-8008-64B8798EF2BF}.Release|Any CPU.ActiveCfg = Release|Any CPU
		{EA4FD442-94B8-4E57-8008-64B8798EF2BF}.Release|Any CPU.Build.0 = Release|Any CPU
		{BFA27E1B-2B54-4E0D-9FEE-595734E83620}.Debug|Any CPU.ActiveCfg = Debug|Any CPU
		{BFA27E1B-2B54-4E0D-9FEE-595734E83620}.Debug|Any CPU.Build.0 = Debug|Any CPU
		{BFA27E1B-2B54-4E0D-9FEE-595734E83620}.Release|Any CPU.ActiveCfg = Release|Any CPU
		{BFA27E1B-2B54-4E0D-9FEE-595734E83620}.Release|Any CPU.Build.0 = Release|Any CPU
	EndGlobalSection
	GlobalSection(SolutionProperties) = preSolution
		HideSolutionNode = FALSE
	EndGlobalSection
	GlobalSection(ExtensibilityGlobals) = postSolution
		SolutionGuid = {53F6D19C-F2A7-4F17-968F-50E108561187}
	EndGlobalSection
EndGlobal
